
Microsoft Visual Studio Solution File, Format Version 12.00
# Visual Studio Version 16
VisualStudioVersion = 16.0.31829.152
MinimumVisualStudioVersion = 10.0.40219.1
Project("{9A19103F-16F7-4668-BE54-9A1E7A4F7556}") = "PBITracer", "PBITracer\PBITracer.csproj", "{C120F1CD-BAC7-46EA-BF1F-600790BAF84C}"
EndProject
Global
	GlobalSection(SolutionConfigurationPlatforms) = preSolution
		Debug|Any CPU = Debug|Any CPU
		Release|Any CPU = Release|Any CPU
	EndGlobalSection
	GlobalSection(ProjectConfigurationPlatforms) = postSolution
		{C120F1CD-BAC7-46EA-BF1F-600790BAF84C}.Debug|Any CPU.ActiveCfg = Debug|Any CPU
		{C120F1CD-BAC7-46EA-BF1F-600790BAF84C}.Debug|Any CPU.Build.0 = Debug|Any CPU
		{C120F1CD-BAC7-46EA-BF1F-600790BAF84C}.Release|Any CPU.ActiveCfg = Release|Any CPU
		{C120F1CD-BAC7-46EA-BF1F-600790BAF84C}.Release|Any CPU.Build.0 = Release|Any CPU
	EndGlobalSection
	GlobalSection(SolutionProperties) = preSolution
		HideSolutionNode = FALSE
	EndGlobalSection
	GlobalSection(ExtensibilityGlobals) = postSolution
		SolutionGuid = {616DA028-55A3-400A-9A75-22351395E57F}
	EndGlobalSection
EndGlobal
